<?xml version="1.0" encoding="utf-8"?>
<Project ToolsVersion="4.0" xmlns="http://schemas.microsoft.com/developer/msbuild/2003">
  <ItemGroup>
    <Filter Include="Fichiers sources">
      <UniqueIdentifier>{4FC737F1-C7A5-4376-A066-2A32D752A2FF}</UniqueIdentifier>
      <Extensions>cpp;c;cc;cxx;c++;cppm;ixx;def;odl;idl;hpj;bat;asm;asmx</Extensions>
    </Filter>
    <Filter Include="Fichiers d%27en-tête">
      <UniqueIdentifier>{93995380-89BD-4b04-88EB-625FBE52EBFB}</UniqueIdentifier>
      <Extensions>h;hh;hpp;hxx;h++;hm;inl;inc;ipp;xsd</Extensions>
    </Filter>
    <Filter Include="Fichiers de ressources">
      <UniqueIdentifier>{67DA6AB6-F800-4c08-8B7A-83BB121AAD01}</UniqueIdentifier>
      <Extensions>rc;ico;cur;bmp;dlg;rc2;rct;bin;rgs;gif;jpg;jpeg;jpe;resx;tiff;tif;png;wav;mfcribbon-ms</Extensions>
    </Filter>
    <Filter Include="Fichiers sources\Core">
      <UniqueIdentifier>{8740f90f-f3d8-49a5-b322-d6fba64a80c4}</UniqueIdentifier>
    </Filter>
    <Filter Include="Fichiers d%27en-tête\Core">
      <UniqueIdentifier>{7214ce14-66bb-4944-a4db-7260ca480aa9}</UniqueIdentifier>
    </Filter>
    <Filter Include="Fichiers sources\Core\Data">
      <UniqueIdentifier>{0184e81a-3adf-4575-84d6-fa214e67dd15}</UniqueIdentifier>
    </Filter>
    <Filter Include="Fichiers d%27en-tête\Core\Data">
      <UniqueIdentifier>{aac1e0de-e7b2-4752-b109-a2603e27c2a7}</UniqueIdentifier>
    </Filter>
    <Filter Include="Fichiers sources\Core\Utilities">
      <UniqueIdentifier>{83a5c097-cc60-49b1-a38c-2ac0c7f1c06f}</UniqueIdentifier>
    </Filter>
  </ItemGroup>
  <ItemGroup>
    <ClCompile Include="Engine.cpp">
      <Filter>Fichiers sources</Filter>
    </ClCompile>
    <ClCompile Include="Input.cpp">
      <Filter>Fichiers sources</Filter>
    </ClCompile>
    <ClCompile Include="mainloop.cpp">
      <Filter>Fichiers sources</Filter>
    </ClCompile>
    <ClCompile Include="Timer.cpp">
      <Filter>Fichiers sources</Filter>
    </ClCompile>
    <ClCompile Include="Scene.cpp">
      <Filter>Fichiers sources\Core\Data</Filter>
    </ClCompile>
    <ClCompile Include="GameObject.cpp">
      <Filter>Fichiers sources\Core\Data</Filter>
    </ClCompile>
    <ClCompile Include="Component.cpp">
      <Filter>Fichiers sources\Core\Data</Filter>
    </ClCompile>
    <ClCompile Include="LogClass.cpp">
      <Filter>Fichiers sources\Core\Data</Filter>
    </ClCompile>
  </ItemGroup>
  <ItemGroup>
    <ClInclude Include="Engine.h">
      <Filter>Fichiers sources</Filter>
    </ClInclude>
    <ClInclude Include="EngineContext.h">
      <Filter>Fichiers sources</Filter>
    </ClInclude>
    <ClInclude Include="InfraStructure.h">
      <Filter>Fichiers sources</Filter>
    </ClInclude>
    <ClInclude Include="Input.h">
      <Filter>Fichiers sources</Filter>
    </ClInclude>
    <ClInclude Include="Timer.h">
      <Filter>Fichiers sources</Filter>
    </ClInclude>
    <ClInclude Include="Utils.h">
      <Filter>Fichiers sources</Filter>
    </ClInclude>
    <ClInclude Include="Scene.h">
      <Filter>Fichiers d%27en-tête\Core\Data</Filter>
    </ClInclude>
    <ClInclude Include="GameObject.h">
      <Filter>Fichiers d%27en-tête\Core\Data</Filter>
    </ClInclude>
    <ClInclude Include="Component.h">
      <Filter>Fichiers d%27en-tête\Core\Data</Filter>
    </ClInclude>
    <ClInclude Include="LogClass.h">
      <Filter>Fichiers d%27en-tête\Core\Data</Filter>
    </ClInclude>
  </ItemGroup>
</Project>